
Microsoft Visual Studio Solution File, Format Version 12.00
# Visual Studio Version 17
VisualStudioVersion = 17.12.35707.178
MinimumVisualStudioVersion = 10.0.40219.1
Project("{FAE04EC0-301F-11D3-BF4B-00C04F79EFBC}") = "Pokemon.Domain", "Pokemon.Domain\Pokemon.Domain.csproj", "{0D5F85A2-8698-45C6-B1A6-5EA6BBB3C40C}"
EndProject
Project("{FAE04EC0-301F-11D3-BF4B-00C04F79EFBC}") = "Pokemon.Infraestructure", "Pokemon.Infraestructure\Pokemon.Infraestructure.csproj", "{90C3F6BC-64D4-4B0C-88E1-68EB8FE1DF4C}"
EndProject
Project("{FAE04EC0-301F-11D3-BF4B-00C04F79EFBC}") = "Pokemon.Application", "Pokemon.Application\Pokemon.Application.csproj", "{15AEA889-D55E-4198-B8CF-9AE41C28C47A}"
EndProject
Project("{FAE04EC0-301F-11D3-BF4B-00C04F79EFBC}") = "PokemonApi", "PokemonApi\PokemonApi.csproj", "{D09317DC-4112-46BA-AABA-A3F61F859131}"
EndProject
Global
	GlobalSection(SolutionConfigurationPlatforms) = preSolution
		Debug|Any CPU = Debug|Any CPU
		Release|Any CPU = Release|Any CPU
	EndGlobalSection
	GlobalSection(ProjectConfigurationPlatforms) = postSolution
		{0D5F85A2-8698-45C6-B1A6-5EA6BBB3C40C}.Debug|Any CPU.ActiveCfg = Debug|Any CPU
		{0D5F85A2-8698-45C6-B1A6-5EA6BBB3C40C}.Debug|Any CPU.Build.0 = Debug|Any CPU
		{0D5F85A2-8698-45C6-B1A6-5EA6BBB3C40C}.Release|Any CPU.ActiveCfg = Release|Any CPU
		{0D5F85A2-8698-45C6-B1A6-5EA6BBB3C40C}.Release|Any CPU.Build.0 = Release|Any CPU
		{90C3F6BC-64D4-4B0C-88E1-68EB8FE1DF4C}.Debug|Any CPU.ActiveCfg = Debug|Any CPU
		{90C3F6BC-64D4-4B0C-88E1-68EB8FE1DF4C}.Debug|Any CPU.Build.0 = Debug|Any CPU
		{90C3F6BC-64D4-4B0C-88E1-68EB8FE1DF4C}.Release|Any CPU.ActiveCfg = Release|Any CPU
		{90C3F6BC-64D4-4B0C-88E1-68EB8FE1DF4C}.Release|Any CPU.Build.0 = Release|Any CPU
		{15AEA889-D55E-4198-B8CF-9AE41C28C47A}.Debug|Any CPU.ActiveCfg = Debug|Any CPU
		{15AEA889-D55E-4198-B8CF-9AE41C28C47A}.Debug|Any CPU.Build.0 = Debug|Any CPU
		{15AEA889-D55E-4198-B8CF-9AE41C28C47A}.Release|Any CPU.ActiveCfg = Release|Any CPU
		{15AEA889-D55E-4198-B8CF-9AE41C28C47A}.Release|Any CPU.Build.0 = Release|Any CPU
		{D09317DC-4112-46BA-AABA-A3F61F859131}.Debug|Any CPU.ActiveCfg = Debug|Any CPU
		{D09317DC-4112-46BA-AABA-A3F61F859131}.Debug|Any CPU.Build.0 = Debug|Any CPU
		{D09317DC-4112-46BA-AABA-A3F61F859131}.Release|Any CPU.ActiveCfg = Release|Any CPU
		{D09317DC-4112-46BA-AABA-A3F61F859131}.Release|Any CPU.Build.0 = Release|Any CPU
	EndGlobalSection
	GlobalSection(SolutionProperties) = preSolution
		HideSolutionNode = FALSE
	EndGlobalSection
EndGlobal
